
Microsoft Visual Studio Solution File, Format Version 12.00
# Blend for Visual Studio Version 16
VisualStudioVersion = 16.0.29920.165
MinimumVisualStudioVersion = 10.0.40219.1
Project("{FAE04EC0-301F-11D3-BF4B-00C04F79EFBC}") = "DungeonMapEditor", "DungeonMapEditor\DungeonMapEditor.csproj", "{7EACDCD1-24EF-458D-92E2-AB46A375A937}"
EndProject
Global
	GlobalSection(SolutionConfigurationPlatforms) = preSolution
		Debug|Any CPU = Debug|Any CPU
		Release|Any CPU = Release|Any CPU
	EndGlobalSection
	GlobalSection(ProjectConfigurationPlatforms) = postSolution
		{7EACDCD1-24EF-458D-92E2-AB46A375A937}.Debug|Any CPU.ActiveCfg = Debug|Any CPU
		{7EACDCD1-24EF-458D-92E2-AB46A375A937}.Debug|Any CPU.Build.0 = Debug|Any CPU
		{7EACDCD1-24EF-458D-92E2-AB46A375A937}.Release|Any CPU.ActiveCfg = Release|Any CPU
		{7EACDCD1-24EF-458D-92E2-AB46A375A937}.Release|Any CPU.Build.0 = Release|Any CPU
	EndGlobalSection
	GlobalSection(SolutionProperties) = preSolution
		HideSolutionNode = FALSE
	EndGlobalSection
	GlobalSection(ExtensibilityGlobals) = postSolution
		SolutionGuid = {0E43F810-9037-4409-A92A-E5167279679C}
	EndGlobalSection
EndGlobal
